// !$*UTF8*$!
{
	archiveVersion = 1;
	classes = {
	};
	objectVersion = 51;
	objects = {

/* Begin PBXBuildFile section */
		12519FB1E60B86A9D8929D22 /* Pods_Wundercast.framework in Frameworks */ = {isa = PBXBuildFile; fileRef = 4A1BB1E493E9CF5C46845A60 /* Pods_Wundercast.framework */; };
		FA786DFA2615BD3E009725F4 /* CLLocationManager+Rx.swift in Sources */ = {isa = PBXBuildFile; fileRef = FA786DF92615BD3E009725F4 /* CLLocationManager+Rx.swift */; };
		FA786E042616AC3F009725F4 /* MKMapView+Rx.swift in Sources */ = {isa = PBXBuildFile; fileRef = FA786E032616AC3F009725F4 /* MKMapView+Rx.swift */; };
		FAD7540D2614560200808A79 /* AppDelegate.swift in Sources */ = {isa = PBXBuildFile; fileRef = FAD7540C2614560200808A79 /* AppDelegate.swift */; };
		FAD7540F2614560200808A79 /* SceneDelegate.swift in Sources */ = {isa = PBXBuildFile; fileRef = FAD7540E2614560200808A79 /* SceneDelegate.swift */; };
		FAD754112614560200808A79 /* ViewController.swift in Sources */ = {isa = PBXBuildFile; fileRef = FAD754102614560200808A79 /* ViewController.swift */; };
		FAD754142614560200808A79 /* Main.storyboard in Resources */ = {isa = PBXBuildFile; fileRef = FAD754122614560200808A79 /* Main.storyboard */; };
		FAD754162614560600808A79 /* Assets.xcassets in Resources */ = {isa = PBXBuildFile; fileRef = FAD754152614560600808A79 /* Assets.xcassets */; };
		FAD754192614560600808A79 /* LaunchScreen.storyboard in Resources */ = {isa = PBXBuildFile; fileRef = FAD754172614560600808A79 /* LaunchScreen.storyboard */; };
		FAD754232614570F00808A79 /* ApiController.swift in Sources */ = {isa = PBXBuildFile; fileRef = FAD754222614570F00808A79 /* ApiController.swift */; };
		FAD7542E261470B800808A79 /* Weather.swift in Sources */ = {isa = PBXBuildFile; fileRef = FAD7542D261470B800808A79 /* Weather.swift */; };
/* End PBXBuildFile section */

/* Begin PBXFileReference section */
		4A1BB1E493E9CF5C46845A60 /* Pods_Wundercast.framework */ = {isa = PBXFileReference; explicitFileType = wrapper.framework; includeInIndex = 0; path = Pods_Wundercast.framework; sourceTree = BUILT_PRODUCTS_DIR; };
		50EC0361D08AAC60F0D84D7D /* Pods-Wundercast.release.xcconfig */ = {isa = PBXFileReference; includeInIndex = 1; lastKnownFileType = text.xcconfig; name = "Pods-Wundercast.release.xcconfig"; path = "Target Support Files/Pods-Wundercast/Pods-Wundercast.release.xcconfig"; sourceTree = "<group>"; };
		DC688AEB00DDA7449DE3386D /* Pods-Wundercast.debug.xcconfig */ = {isa = PBXFileReference; includeInIndex = 1; lastKnownFileType = text.xcconfig; name = "Pods-Wundercast.debug.xcconfig"; path = "Target Support Files/Pods-Wundercast/Pods-Wundercast.debug.xcconfig"; sourceTree = "<group>"; };
		FA786DF92615BD3E009725F4 /* CLLocationManager+Rx.swift */ = {isa = PBXFileReference; lastKnownFileType = sourcecode.swift; path = "CLLocationManager+Rx.swift"; sourceTree = "<group>"; };
		FA786E032616AC3F009725F4 /* MKMapView+Rx.swift */ = {isa = PBXFileReference; lastKnownFileType = sourcecode.swift; path = "MKMapView+Rx.swift"; sourceTree = "<group>"; };
		FAD754092614560200808A79 /* Wundercast.app */ = {isa = PBXFileReference; explicitFileType = wrapper.application; includeInIndex = 0; path = Wundercast.app; sourceTree = BUILT_PRODUCTS_DIR; };
		FAD7540C2614560200808A79 /* AppDelegate.swift */ = {isa = PBXFileReference; lastKnownFileType = sourcecode.swift; path = AppDelegate.swift; sourceTree = "<group>"; };
		FAD7540E2614560200808A79 /* SceneDelegate.swift */ = {isa = PBXFileReference; lastKnownFileType = sourcecode.swift; path = SceneDelegate.swift; sourceTree = "<group>"; };
		FAD754102614560200808A79 /* ViewController.swift */ = {isa = PBXFileReference; lastKnownFileType = sourcecode.swift; path = ViewController.swift; sourceTree = "<group>"; };
		FAD754132614560200808A79 /* Base */ = {isa = PBXFileReference; lastKnownFileType = file.storyboard; name = Base; path = Base.lproj/Main.storyboard; sourceTree = "<group>"; };
		FAD754152614560600808A79 /* Assets.xcassets */ = {isa = PBXFileReference; lastKnownFileType = folder.assetcatalog; path = Assets.xcassets; sourceTree = "<group>"; };
		FAD754182614560600808A79 /* Base */ = {isa = PBXFileReference; lastKnownFileType = file.storyboard; name = Base; path = Base.lproj/LaunchScreen.storyboard; sourceTree = "<group>"; };
		FAD7541A2614560600808A79 /* Info.plist */ = {isa = PBXFileReference; lastKnownFileType = text.plist.xml; path = Info.plist; sourceTree = "<group>"; };
		FAD754222614570F00808A79 /* ApiController.swift */ = {isa = PBXFileReference; lastKnownFileType = sourcecode.swift; path = ApiController.swift; sourceTree = "<group>"; };
		FAD7542D261470B800808A79 /* Weather.swift */ = {isa = PBXFileReference; lastKnownFileType = sourcecode.swift; path = Weather.swift; sourceTree = "<group>"; };
/* End PBXFileReference section */

/* Begin PBXFrameworksBuildPhase section */
		FAD754062614560200808A79 /* Frameworks */ = {
			isa = PBXFrameworksBuildPhase;
			buildActionMask = 2147483647;
			files = (
				12519FB1E60B86A9D8929D22 /* Pods_Wundercast.framework in Frameworks */,
			);
			runOnlyForDeploymentPostprocessing = 0;
		};
/* End PBXFrameworksBuildPhase section */

/* Begin PBXGroup section */
		3914611F2A3887173548B055 /* Pods */ = {
			isa = PBXGroup;
			children = (
				DC688AEB00DDA7449DE3386D /* Pods-Wundercast.debug.xcconfig */,
				50EC0361D08AAC60F0D84D7D /* Pods-Wundercast.release.xcconfig */,
			);
			path = Pods;
			sourceTree = "<group>";
		};
		94D4A234D1C7009B94ACAC88 /* Frameworks */ = {
			isa = PBXGroup;
			children = (
				4A1BB1E493E9CF5C46845A60 /* Pods_Wundercast.framework */,
			);
			name = Frameworks;
			sourceTree = "<group>";
		};
		FA786DF82615BAE6009725F4 /* Extensions */ = {
			isa = PBXGroup;
			children = (
				FA786DF92615BD3E009725F4 /* CLLocationManager+Rx.swift */,
				FA786E032616AC3F009725F4 /* MKMapView+Rx.swift */,
			);
			path = Extensions;
			sourceTree = "<group>";
		};
		FAD754002614560200808A79 = {
			isa = PBXGroup;
			children = (
				FAD7540B2614560200808A79 /* Wundercast */,
				FAD7540A2614560200808A79 /* Products */,
				3914611F2A3887173548B055 /* Pods */,
				94D4A234D1C7009B94ACAC88 /* Frameworks */,
			);
			sourceTree = "<group>";
		};
		FAD7540A2614560200808A79 /* Products */ = {
			isa = PBXGroup;
			children = (
				FAD754092614560200808A79 /* Wundercast.app */,
			);
			name = Products;
			sourceTree = "<group>";
		};
		FAD7540B2614560200808A79 /* Wundercast */ = {
			isa = PBXGroup;
			children = (
				FAD75436261473D500808A79 /* Controllers */,
				FAD7540C2614560200808A79 /* AppDelegate.swift */,
				FAD7540E2614560200808A79 /* SceneDelegate.swift */,
				FAD754102614560200808A79 /* ViewController.swift */,
				FAD754122614560200808A79 /* Main.storyboard */,
				FAD754152614560600808A79 /* Assets.xcassets */,
				FAD754172614560600808A79 /* LaunchScreen.storyboard */,
				FAD7541A2614560600808A79 /* Info.plist */,
				FAD7542D261470B800808A79 /* Weather.swift */,
			);
			path = Wundercast;
			sourceTree = "<group>";
		};
		FAD75436261473D500808A79 /* Controllers */ = {
			isa = PBXGroup;
			children = (
				FA786DF82615BAE6009725F4 /* Extensions */,
				FAD754222614570F00808A79 /* ApiController.swift */,
			);
			path = Controllers;
			sourceTree = "<group>";
		};
/* End PBXGroup section */

/* Begin PBXNativeTarget section */
		FAD754082614560200808A79 /* Wundercast */ = {
			isa = PBXNativeTarget;
			buildConfigurationList = FAD7541D2614560600808A79 /* Build configuration list for PBXNativeTarget "Wundercast" */;
			buildPhases = (
				41F226215F47091BFF3588BC /* [CP] Check Pods Manifest.lock */,
				FAD754052614560200808A79 /* Sources */,
				FAD754062614560200808A79 /* Frameworks */,
				FAD754072614560200808A79 /* Resources */,
				5D3546093FBE097EFB4C59BB /* [CP] Embed Pods Frameworks */,
			);
			buildRules = (
			);
			dependencies = (
			);
			name = Wundercast;
			productName = Wundercast;
			productReference = FAD754092614560200808A79 /* Wundercast.app */;
			productType = "com.apple.product-type.application";
		};
/* End PBXNativeTarget section */

/* Begin PBXProject section */
		FAD754012614560200808A79 /* Project object */ = {
			isa = PBXProject;
			attributes = {
				LastSwiftUpdateCheck = 1240;
				LastUpgradeCheck = 1240;
				TargetAttributes = {
					FAD754082614560200808A79 = {
						CreatedOnToolsVersion = 12.4;
					};
				};
			};
			buildConfigurationList = FAD754042614560200808A79 /* Build configuration list for PBXProject "Wundercast" */;
			compatibilityVersion = "Xcode 9.3";
			developmentRegion = en;
			hasScannedForEncodings = 0;
			knownRegions = (
				en,
				Base,
			);
			mainGroup = FAD754002614560200808A79;
			productRefGroup = FAD7540A2614560200808A79 /* Products */;
			projectDirPath = "";
			projectRoot = "";
			targets = (
				FAD754082614560200808A79 /* Wundercast */,
			);
		};
/* End PBXProject section */

/* Begin PBXResourcesBuildPhase section */
		FAD754072614560200808A79 /* Resources */ = {
			isa = PBXResourcesBuildPhase;
			buildActionMask = 2147483647;
			files = (
				FAD754192614560600808A79 /* LaunchScreen.storyboard in Resources */,
				FAD754162614560600808A79 /* Assets.xcassets in Resources */,
				FAD754142614560200808A79 /* Main.storyboard in Resources */,
			);
			runOnlyForDeploymentPostprocessing = 0;
		};
/* End PBXResourcesBuildPhase section */

/* Begin PBXShellScriptBuildPhase section */
		41F226215F47091BFF3588BC /* [CP] Check Pods Manifest.lock */ = {
			isa = PBXShellScriptBuildPhase;
			buildActionMask = 2147483647;
			files = (
			);
			inputFileListPaths = (
			);
			inputPaths = (
				"${PODS_PODFILE_DIR_PATH}/Podfile.lock",
				"${PODS_ROOT}/Manifest.lock",
			);
			name = "[CP] Check Pods Manifest.lock";
			outputFileListPaths = (
			);
			outputPaths = (
				"$(DERIVED_FILE_DIR)/Pods-Wundercast-checkManifestLockResult.txt",
			);
			runOnlyForDeploymentPostprocessing = 0;
			shellPath = /bin/sh;
			shellScript = "diff \"${PODS_PODFILE_DIR_PATH}/Podfile.lock\" \"${PODS_ROOT}/Manifest.lock\" > /dev/null\nif [ $? != 0 ] ; then\n    # print error to STDERR\n    echo \"error: The sandbox is not in sync with the Podfile.lock. Run 'pod install' or update your CocoaPods installation.\" >&2\n    exit 1\nfi\n# This output is used by Xcode 'outputs' to avoid re-running this script phase.\necho \"SUCCESS\" > \"${SCRIPT_OUTPUT_FILE_0}\"\n";
			showEnvVarsInLog = 0;
		};
		5D3546093FBE097EFB4C59BB /* [CP] Embed Pods Frameworks */ = {
			isa = PBXShellScriptBuildPhase;
			buildActionMask = 2147483647;
			files = (
			);
			inputFileListPaths = (
				"${PODS_ROOT}/Target Support Files/Pods-Wundercast/Pods-Wundercast-frameworks-${CONFIGURATION}-input-files.xcfilelist",
			);
			name = "[CP] Embed Pods Frameworks";
			outputFileListPaths = (
				"${PODS_ROOT}/Target Support Files/Pods-Wundercast/Pods-Wundercast-frameworks-${CONFIGURATION}-output-files.xcfilelist",
			);
			runOnlyForDeploymentPostprocessing = 0;
			shellPath = /bin/sh;
			shellScript = "\"${PODS_ROOT}/Target Support Files/Pods-Wundercast/Pods-Wundercast-frameworks.sh\"\n";
			showEnvVarsInLog = 0;
		};
/* End PBXShellScriptBuildPhase section */

/* Begin PBXSourcesBuildPhase section */
		FAD754052614560200808A79 /* Sources */ = {
			isa = PBXSourcesBuildPhase;
			buildActionMask = 2147483647;
			files = (
				FAD754232614570F00808A79 /* ApiController.swift in Sources */,
				FAD754112614560200808A79 /* ViewController.swift in Sources */,
				FAD7540D2614560200808A79 /* AppDelegate.swift in Sources */,
				FA786E042616AC3F009725F4 /* MKMapView+Rx.swift in Sources */,
				FA786DFA2615BD3E009725F4 /* CLLocationManager+Rx.swift in Sources */,
				FAD7540F2614560200808A79 /* SceneDelegate.swift in Sources */,
				FAD7542E261470B800808A79 /* Weather.swift in Sources */,
			);
			runOnlyForDeploymentPostprocessing = 0;
		};
/* End PBXSourcesBuildPhase section */

/* Begin PBXVariantGroup section */
		FAD754122614560200808A79 /* Main.storyboard */ = {
			isa = PBXVariantGroup;
			children = (
				FAD754132614560200808A79 /* Base */,
			);
			name = Main.storyboard;
			sourceTree = "<group>";
		};
		FAD754172614560600808A79 /* LaunchScreen.storyboard */ = {
			isa = PBXVariantGroup;
			children = (
				FAD754182614560600808A79 /* Base */,
			);
			name = LaunchScreen.storyboard;
			sourceTree = "<group>";
		};
/* End PBXVariantGroup section */

/* Begin XCBuildConfiguration section */
		FAD7541B2614560600808A79 /* Debug */ = {
			isa = XCBuildConfiguration;
			buildSettings = {
				ALWAYS_SEARCH_USER_PATHS = NO;
				CLANG_ANALYZER_NONNULL = YES;
				CLANG_ANALYZER_NUMBER_OBJECT_CONVERSION = YES_AGGRESSIVE;
				CLANG_CXX_LANGUAGE_STANDARD = "gnu++14";
				CLANG_CXX_LIBRARY = "libc++";
				CLANG_ENABLE_MODULES = YES;
				CLANG_ENABLE_OBJC_ARC = YES;
				CLANG_ENABLE_OBJC_WEAK = YES;
				CLANG_WARN_BLOCK_CAPTURE_AUTORELEASING = YES;
				CLANG_WARN_BOOL_CONVERSION = YES;
				CLANG_WARN_COMMA = YES;
				CLANG_WARN_CONSTANT_CONVERSION = YES;
				CLANG_WARN_DEPRECATED_OBJC_IMPLEMENTATIONS = YES;
				CLANG_WARN_DIRECT_OBJC_ISA_USAGE = YES_ERROR;
				CLANG_WARN_DOCUMENTATION_COMMENTS = YES;
				CLANG_WARN_EMPTY_BODY = YES;
				CLANG_WARN_ENUM_CONVERSION = YES;
				CLANG_WARN_INFINITE_RECURSION = YES;
				CLANG_WARN_INT_CONVERSION = YES;
				CLANG_WARN_NON_LITERAL_NULL_CONVERSION = YES;
				CLANG_WARN_OBJC_IMPLICIT_RETAIN_SELF = YES;
				CLANG_WARN_OBJC_LITERAL_CONVERSION = YES;
				CLANG_WARN_OBJC_ROOT_CLASS = YES_ERROR;
				CLANG_WARN_QUOTED_INCLUDE_IN_FRAMEWORK_HEADER = YES;
				CLANG_WARN_RANGE_LOOP_ANALYSIS = YES;
				CLANG_WARN_STRICT_PROTOTYPES = YES;
				CLANG_WARN_SUSPICIOUS_MOVE = YES;
				CLANG_WARN_UNGUARDED_AVAILABILITY = YES_AGGRESSIVE;
				CLANG_WARN_UNREACHABLE_CODE = YES;
				CLANG_WARN__DUPLICATE_METHOD_MATCH = YES;
				COPY_PHASE_STRIP = NO;
				DEBUG_INFORMATION_FORMAT = dwarf;
				ENABLE_STRICT_OBJC_MSGSEND = YES;
				ENABLE_TESTABILITY = YES;
				GCC_C_LANGUAGE_STANDARD = gnu11;
				GCC_DYNAMIC_NO_PIC = NO;
				GCC_NO_COMMON_BLOCKS = YES;
				GCC_OPTIMIZATION_LEVEL = 0;
				GCC_PREPROCESSOR_DEFINITIONS = (
					"DEBUG=1",
					"$(inherited)",
				);
				GCC_WARN_64_TO_32_BIT_CONVERSION = YES;
				GCC_WARN_ABOUT_RETURN_TYPE = YES_ERROR;
				GCC_WARN_UNDECLARED_SELECTOR = YES;
				GCC_WARN_UNINITIALIZED_AUTOS = YES_AGGRESSIVE;
				GCC_WARN_UNUSED_FUNCTION = YES;
				GCC_WARN_UNUSED_VARIABLE = YES;
				IPHONEOS_DEPLOYMENT_TARGET = 14.4;
				MTL_ENABLE_DEBUG_INFO = INCLUDE_SOURCE;
				MTL_FAST_MATH = YES;
				ONLY_ACTIVE_ARCH = YES;
				SDKROOT = iphoneos;
				SWIFT_ACTIVE_COMPILATION_CONDITIONS = DEBUG;
				SWIFT_OPTIMIZATION_LEVEL = "-Onone";
			};
			name = Debug;
		};
		FAD7541C2614560600808A79 /* Release */ = {
			isa = XCBuildConfiguration;
			buildSettings = {
				ALWAYS_SEARCH_USER_PATHS = NO;
				CLANG_ANALYZER_NONNULL = YES;
				CLANG_ANALYZER_NUMBER_OBJECT_CONVERSION = YES_AGGRESSIVE;
				CLANG_CXX_LANGUAGE_STANDARD = "gnu++14";
				CLANG_CXX_LIBRARY = "libc++";
				CLANG_ENABLE_MODULES = YES;
				CLANG_ENABLE_OBJC_ARC = YES;
				CLANG_ENABLE_OBJC_WEAK = YES;
				CLANG_WARN_BLOCK_CAPTURE_AUTORELEASING = YES;
				CLANG_WARN_BOOL_CONVERSION = YES;
				CLANG_WARN_COMMA = YES;
				CLANG_WARN_CONSTANT_CONVERSION = YES;
				CLANG_WARN_DEPRECATED_OBJC_IMPLEMENTATIONS = YES;
				CLANG_WARN_DIRECT_OBJC_ISA_USAGE = YES_ERROR;
				CLANG_WARN_DOCUMENTATION_COMMENTS = YES;
				CLANG_WARN_EMPTY_BODY = YES;
				CLANG_WARN_ENUM_CONVERSION = YES;
				CLANG_WARN_INFINITE_RECURSION = YES;
				CLANG_WARN_INT_CONVERSION = YES;
				CLANG_WARN_NON_LITERAL_NULL_CONVERSION = YES;
				CLANG_WARN_OBJC_IMPLICIT_RETAIN_SELF = YES;
				CLANG_WARN_OBJC_LITERAL_CONVERSION = YES;
				CLANG_WARN_OBJC_ROOT_CLASS = YES_ERROR;
				CLANG_WARN_QUOTED_INCLUDE_IN_FRAMEWORK_HEADER = YES;
				CLANG_WARN_RANGE_LOOP_ANALYSIS = YES;
				CLANG_WARN_STRICT_PROTOTYPES = YES;
				CLANG_WARN_SUSPICIOUS_MOVE = YES;
				CLANG_WARN_UNGUARDED_AVAILABILITY = YES_AGGRESSIVE;
				CLANG_WARN_UNREACHABLE_CODE = YES;
				CLANG_WARN__DUPLICATE_METHOD_MATCH = YES;
				COPY_PHASE_STRIP = NO;
				DEBUG_INFORMATION_FORMAT = "dwarf-with-dsym";
				ENABLE_NS_ASSERTIONS = NO;
				ENABLE_STRICT_OBJC_MSGSEND = YES;
				GCC_C_LANGUAGE_STANDARD = gnu11;
				GCC_NO_COMMON_BLOCKS = YES;
				GCC_WARN_64_TO_32_BIT_CONVERSION = YES;
				GCC_WARN_ABOUT_RETURN_TYPE = YES_ERROR;
				GCC_WARN_UNDECLARED_SELECTOR = YES;
				GCC_WARN_UNINITIALIZED_AUTOS = YES_AGGRESSIVE;
				GCC_WARN_UNUSED_FUNCTION = YES;
				GCC_WARN_UNUSED_VARIABLE = YES;
				IPHONEOS_DEPLOYMENT_TARGET = 14.4;
				MTL_ENABLE_DEBUG_INFO = NO;
				MTL_FAST_MATH = YES;
				SDKROOT = iphoneos;
				SWIFT_COMPILATION_MODE = wholemodule;
				SWIFT_OPTIMIZATION_LEVEL = "-O";
				VALIDATE_PRODUCT = YES;
			};
			name = Release;
		};
		FAD7541E2614560600808A79 /* Debug */ = {
			isa = XCBuildConfiguration;
			baseConfigurationReference = DC688AEB00DDA7449DE3386D /* Pods-Wundercast.debug.xcconfig */;
			buildSettings = {
				ASSETCATALOG_COMPILER_APPICON_NAME = AppIcon;
				ASSETCATALOG_COMPILER_GLOBAL_ACCENT_COLOR_NAME = AccentColor;
				CODE_SIGN_STYLE = Automatic;
				DEVELOPMENT_TEAM = 3AM7R7TW97;
				INFOPLIST_FILE = Wundercast/Info.plist;
				LD_RUNPATH_SEARCH_PATHS = (
					"$(inherited)",
					"@executable_path/Frameworks",
				);
				PRODUCT_BUNDLE_IDENTIFIER = com.ssionii.Wundercast;
				PRODUCT_NAME = "$(TARGET_NAME)";
				SWIFT_VERSION = 5.0;
				TARGETED_DEVICE_FAMILY = "1,2";
			};
			name = Debug;
		};
		FAD7541F2614560600808A79 /* Release */ = {
			isa = XCBuildConfiguration;
			baseConfigurationReference = 50EC0361D08AAC60F0D84D7D /* Pods-Wundercast.release.xcconfig */;
			buildSettings = {
				ASSETCATALOG_COMPILER_APPICON_NAME = AppIcon;
				ASSETCATALOG_COMPILER_GLOBAL_ACCENT_COLOR_NAME = AccentColor;
				CODE_SIGN_STYLE = Automatic;
				DEVELOPMENT_TEAM = 3AM7R7TW97;
				INFOPLIST_FILE = Wundercast/Info.plist;
				LD_RUNPATH_SEARCH_PATHS = (
					"$(inherited)",
					"@executable_path/Frameworks",
				);
				PRODUCT_BUNDLE_IDENTIFIER = com.ssionii.Wundercast;
				PRODUCT_NAME = "$(TARGET_NAME)";
				SWIFT_VERSION = 5.0;
				TARGETED_DEVICE_FAMILY = "1,2";
			};
			name = Release;
		};
/* End XCBuildConfiguration section */

/* Begin XCConfigurationList section */
		FAD754042614560200808A79 /* Build configuration list for PBXProject "Wundercast" */ = {
			isa = XCConfigurationList;
			buildConfigurations = (
				FAD7541B2614560600808A79 /* Debug */,
				FAD7541C2614560600808A79 /* Release */,
			);
			defaultConfigurationIsVisible = 0;
			defaultConfigurationName = Release;
		};
		FAD7541D2614560600808A79 /* Build configuration list for PBXNativeTarget "Wundercast" */ = {
			isa = XCConfigurationList;
			buildConfigurations = (
				FAD7541E2614560600808A79 /* Debug */,
				FAD7541F2614560600808A79 /* Release */,
			);
			defaultConfigurationIsVisible = 0;
			defaultConfigurationName = Release;
		};
/* End XCConfigurationList section */
	};
	rootObject = FAD754012614560200808A79 /* Project object */;
}
